
Microsoft Visual Studio Solution File, Format Version 12.00
# Visual Studio 15
VisualStudioVersion = 15.0.27703.2047
MinimumVisualStudioVersion = 10.0.40219.1
Project("{FAE04EC0-301F-11D3-BF4B-00C04F79EFBC}") = "DIVE", "DIVE\DIVE.csproj", "{0217D6F8-A2C7-4A0C-A2C8-47D5FD55A376}"
EndProject
Global
	GlobalSection(SolutionConfigurationPlatforms) = preSolution
		Debug|Any CPU = Debug|Any CPU
		Release|Any CPU = Release|Any CPU
	EndGlobalSection
	GlobalSection(ProjectConfigurationPlatforms) = postSolution
		{0217D6F8-A2C7-4A0C-A2C8-47D5FD55A376}.Debug|Any CPU.ActiveCfg = Debug|Any CPU
		{0217D6F8-A2C7-4A0C-A2C8-47D5FD55A376}.Debug|Any CPU.Build.0 = Debug|Any CPU
		{0217D6F8-A2C7-4A0C-A2C8-47D5FD55A376}.Release|Any CPU.ActiveCfg = Release|Any CPU
		{0217D6F8-A2C7-4A0C-A2C8-47D5FD55A376}.Release|Any CPU.Build.0 = Release|Any CPU
	EndGlobalSection
	GlobalSection(SolutionProperties) = preSolution
		HideSolutionNode = FALSE
	EndGlobalSection
	GlobalSection(ExtensibilityGlobals) = postSolution
		SolutionGuid = {8AA9FF55-EE66-4B27-BDFF-468E036743FA}
	EndGlobalSection
EndGlobal
